// !$*UTF8*$!
{
	archiveVersion = 1;
	classes = {
	};
	objectVersion = 50;
	objects = {

/* Begin PBXBuildFile section */
		CEBABC2F275F9DB400DE0992 /* AppDelegate.swift in Sources */ = {isa = PBXBuildFile; fileRef = CEBABC2E275F9DB400DE0992 /* AppDelegate.swift */; };
		CEBABC31275F9DB400DE0992 /* SceneDelegate.swift in Sources */ = {isa = PBXBuildFile; fileRef = CEBABC30275F9DB400DE0992 /* SceneDelegate.swift */; };
		CEBABC33275F9DB400DE0992 /* ViewController.swift in Sources */ = {isa = PBXBuildFile; fileRef = CEBABC32275F9DB400DE0992 /* ViewController.swift */; };
		CEBABC36275F9DB400DE0992 /* Main.storyboard in Resources */ = {isa = PBXBuildFile; fileRef = CEBABC34275F9DB400DE0992 /* Main.storyboard */; };
		CEBABC38275F9DB500DE0992 /* Assets.xcassets in Resources */ = {isa = PBXBuildFile; fileRef = CEBABC37275F9DB500DE0992 /* Assets.xcassets */; };
		CEBABC3B275F9DB500DE0992 /* LaunchScreen.storyboard in Resources */ = {isa = PBXBuildFile; fileRef = CEBABC39275F9DB500DE0992 /* LaunchScreen.storyboard */; };
		CEBABC44275F9EF100DE0992 /* RiverListCell.swift in Sources */ = {isa = PBXBuildFile; fileRef = CEBABC43275F9EF100DE0992 /* RiverListCell.swift */; };
		CEBABC47275F9F1000DE0992 /* RiverInformationModel.swift in Sources */ = {isa = PBXBuildFile; fileRef = CEBABC46275F9F1000DE0992 /* RiverInformationModel.swift */; };
/* End PBXBuildFile section */

/* Begin PBXFileReference section */
		CEBABC2B275F9DB400DE0992 /* CollectionView.app */ = {isa = PBXFileReference; explicitFileType = wrapper.application; includeInIndex = 0; path = CollectionView.app; sourceTree = BUILT_PRODUCTS_DIR; };
		CEBABC2E275F9DB400DE0992 /* AppDelegate.swift */ = {isa = PBXFileReference; lastKnownFileType = sourcecode.swift; path = AppDelegate.swift; sourceTree = "<group>"; };
		CEBABC30275F9DB400DE0992 /* SceneDelegate.swift */ = {isa = PBXFileReference; lastKnownFileType = sourcecode.swift; path = SceneDelegate.swift; sourceTree = "<group>"; };
		CEBABC32275F9DB400DE0992 /* ViewController.swift */ = {isa = PBXFileReference; lastKnownFileType = sourcecode.swift; path = ViewController.swift; sourceTree = "<group>"; };
		CEBABC35275F9DB400DE0992 /* Base */ = {isa = PBXFileReference; lastKnownFileType = file.storyboard; name = Base; path = Base.lproj/Main.storyboard; sourceTree = "<group>"; };
		CEBABC37275F9DB500DE0992 /* Assets.xcassets */ = {isa = PBXFileReference; lastKnownFileType = folder.assetcatalog; path = Assets.xcassets; sourceTree = "<group>"; };
		CEBABC3A275F9DB500DE0992 /* Base */ = {isa = PBXFileReference; lastKnownFileType = file.storyboard; name = Base; path = Base.lproj/LaunchScreen.storyboard; sourceTree = "<group>"; };
		CEBABC3C275F9DB500DE0992 /* Info.plist */ = {isa = PBXFileReference; lastKnownFileType = text.plist.xml; path = Info.plist; sourceTree = "<group>"; };
		CEBABC43275F9EF100DE0992 /* RiverListCell.swift */ = {isa = PBXFileReference; lastKnownFileType = sourcecode.swift; path = RiverListCell.swift; sourceTree = "<group>"; };
		CEBABC46275F9F1000DE0992 /* RiverInformationModel.swift */ = {isa = PBXFileReference; lastKnownFileType = sourcecode.swift; path = RiverInformationModel.swift; sourceTree = "<group>"; };
/* End PBXFileReference section */

/* Begin PBXFrameworksBuildPhase section */
		CEBABC28275F9DB400DE0992 /* Frameworks */ = {
			isa = PBXFrameworksBuildPhase;
			buildActionMask = 2147483647;
			files = (
			);
			runOnlyForDeploymentPostprocessing = 0;
		};
/* End PBXFrameworksBuildPhase section */

/* Begin PBXGroup section */
		CEBABC22275F9DB400DE0992 = {
			isa = PBXGroup;
			children = (
				CEBABC2D275F9DB400DE0992 /* CollectionView */,
				CEBABC2C275F9DB400DE0992 /* Products */,
			);
			sourceTree = "<group>";
		};
		CEBABC2C275F9DB400DE0992 /* Products */ = {
			isa = PBXGroup;
			children = (
				CEBABC2B275F9DB400DE0992 /* CollectionView.app */,
			);
			name = Products;
			sourceTree = "<group>";
		};
		CEBABC2D275F9DB400DE0992 /* CollectionView */ = {
			isa = PBXGroup;
			children = (
				CEBABC2E275F9DB400DE0992 /* AppDelegate.swift */,
				CEBABC30275F9DB400DE0992 /* SceneDelegate.swift */,
				CEBABC32275F9DB400DE0992 /* ViewController.swift */,
				CEBABC43275F9EF100DE0992 /* RiverListCell.swift */,
				CEBABC46275F9F1000DE0992 /* RiverInformationModel.swift */,
				CEBABC34275F9DB400DE0992 /* Main.storyboard */,
				CEBABC37275F9DB500DE0992 /* Assets.xcassets */,
				CEBABC39275F9DB500DE0992 /* LaunchScreen.storyboard */,
				CEBABC3C275F9DB500DE0992 /* Info.plist */,
			);
			path = CollectionView;
			sourceTree = "<group>";
		};
/* End PBXGroup section */

/* Begin PBXNativeTarget section */
		CEBABC2A275F9DB400DE0992 /* CollectionView */ = {
			isa = PBXNativeTarget;
			buildConfigurationList = CEBABC3F275F9DB500DE0992 /* Build configuration list for PBXNativeTarget "CollectionView" */;
			buildPhases = (
				CEBABC27275F9DB400DE0992 /* Sources */,
				CEBABC28275F9DB400DE0992 /* Frameworks */,
				CEBABC29275F9DB400DE0992 /* Resources */,
			);
			buildRules = (
			);
			dependencies = (
			);
			name = CollectionView;
			productName = CollectionView;
			productReference = CEBABC2B275F9DB400DE0992 /* CollectionView.app */;
			productType = "com.apple.product-type.application";
		};
/* End PBXNativeTarget section */

/* Begin PBXProject section */
		CEBABC23275F9DB400DE0992 /* Project object */ = {
			isa = PBXProject;
			attributes = {
				LastSwiftUpdateCheck = 1220;
				LastUpgradeCheck = 1220;
				TargetAttributes = {
					CEBABC2A275F9DB400DE0992 = {
						CreatedOnToolsVersion = 12.2;
					};
				};
			};
			buildConfigurationList = CEBABC26275F9DB400DE0992 /* Build configuration list for PBXProject "CollectionView" */;
			compatibilityVersion = "Xcode 9.3";
			developmentRegion = en;
			hasScannedForEncodings = 0;
			knownRegions = (
				en,
				Base,
			);
			mainGroup = CEBABC22275F9DB400DE0992;
			productRefGroup = CEBABC2C275F9DB400DE0992 /* Products */;
			projectDirPath = "";
			projectRoot = "";
			targets = (
				CEBABC2A275F9DB400DE0992 /* CollectionView */,
			);
		};
/* End PBXProject section */

/* Begin PBXResourcesBuildPhase section */
		CEBABC29275F9DB400DE0992 /* Resources */ = {
			isa = PBXResourcesBuildPhase;
			buildActionMask = 2147483647;
			files = (
				CEBABC3B275F9DB500DE0992 /* LaunchScreen.storyboard in Resources */,
				CEBABC38275F9DB500DE0992 /* Assets.xcassets in Resources */,
				CEBABC36275F9DB400DE0992 /* Main.storyboard in Resources */,
			);
			runOnlyForDeploymentPostprocessing = 0;
		};
/* End PBXResourcesBuildPhase section */

/* Begin PBXSourcesBuildPhase section */
		CEBABC27275F9DB400DE0992 /* Sources */ = {
			isa = PBXSourcesBuildPhase;
			buildActionMask = 2147483647;
			files = (
				CEBABC47275F9F1000DE0992 /* RiverInformationModel.swift in Sources */,
				CEBABC33275F9DB400DE0992 /* ViewController.swift in Sources */,
				CEBABC2F275F9DB400DE0992 /* AppDelegate.swift in Sources */,
				CEBABC44275F9EF100DE0992 /* RiverListCell.swift in Sources */,
				CEBABC31275F9DB400DE0992 /* SceneDelegate.swift in Sources */,
			);
			runOnlyForDeploymentPostprocessing = 0;
		};
/* End PBXSourcesBuildPhase section */

/* Begin PBXVariantGroup section */
		CEBABC34275F9DB400DE0992 /* Main.storyboard */ = {
			isa = PBXVariantGroup;
			children = (
				CEBABC35275F9DB400DE0992 /* Base */,
			);
			name = Main.storyboard;
			sourceTree = "<group>";
		};
		CEBABC39275F9DB500DE0992 /* LaunchScreen.storyboard */ = {
			isa = PBXVariantGroup;
			children = (
				CEBABC3A275F9DB500DE0992 /* Base */,
			);
			name = LaunchScreen.storyboard;
			sourceTree = "<group>";
		};
/* End PBXVariantGroup section */

/* Begin XCBuildConfiguration section */
		CEBABC3D275F9DB500DE0992 /* Debug */ = {
			isa = XCBuildConfiguration;
			buildSettings = {
				ALWAYS_SEARCH_USER_PATHS = NO;
				CLANG_ANALYZER_NONNULL = YES;
				CLANG_ANALYZER_NUMBER_OBJECT_CONVERSION = YES_AGGRESSIVE;
				CLANG_CXX_LANGUAGE_STANDARD = "gnu++14";
				CLANG_CXX_LIBRARY = "libc++";
				CLANG_ENABLE_MODULES = YES;
				CLANG_ENABLE_OBJC_ARC = YES;
				CLANG_ENABLE_OBJC_WEAK = YES;
				CLANG_WARN_BLOCK_CAPTURE_AUTORELEASING = YES;
				CLANG_WARN_BOOL_CONVERSION = YES;
				CLANG_WARN_COMMA = YES;
				CLANG_WARN_CONSTANT_CONVERSION = YES;
				CLANG_WARN_DEPRECATED_OBJC_IMPLEMENTATIONS = YES;
				CLANG_WARN_DIRECT_OBJC_ISA_USAGE = YES_ERROR;
				CLANG_WARN_DOCUMENTATION_COMMENTS = YES;
				CLANG_WARN_EMPTY_BODY = YES;
				CLANG_WARN_ENUM_CONVERSION = YES;
				CLANG_WARN_INFINITE_RECURSION = YES;
				CLANG_WARN_INT_CONVERSION = YES;
				CLANG_WARN_NON_LITERAL_NULL_CONVERSION = YES;
				CLANG_WARN_OBJC_IMPLICIT_RETAIN_SELF = YES;
				CLANG_WARN_OBJC_LITERAL_CONVERSION = YES;
				CLANG_WARN_OBJC_ROOT_CLASS = YES_ERROR;
				CLANG_WARN_QUOTED_INCLUDE_IN_FRAMEWORK_HEADER = YES;
				CLANG_WARN_RANGE_LOOP_ANALYSIS = YES;
				CLANG_WARN_STRICT_PROTOTYPES = YES;
				CLANG_WARN_SUSPICIOUS_MOVE = YES;
				CLANG_WARN_UNGUARDED_AVAILABILITY = YES_AGGRESSIVE;
				CLANG_WARN_UNREACHABLE_CODE = YES;
				CLANG_WARN__DUPLICATE_METHOD_MATCH = YES;
				COPY_PHASE_STRIP = NO;
				DEBUG_INFORMATION_FORMAT = dwarf;
				ENABLE_STRICT_OBJC_MSGSEND = YES;
				ENABLE_TESTABILITY = YES;
				GCC_C_LANGUAGE_STANDARD = gnu11;
				GCC_DYNAMIC_NO_PIC = NO;
				GCC_NO_COMMON_BLOCKS = YES;
				GCC_OPTIMIZATION_LEVEL = 0;
				GCC_PREPROCESSOR_DEFINITIONS = (
					"DEBUG=1",
					"$(inherited)",
				);
				GCC_WARN_64_TO_32_BIT_CONVERSION = YES;
				GCC_WARN_ABOUT_RETURN_TYPE = YES_ERROR;
				GCC_WARN_UNDECLARED_SELECTOR = YES;
				GCC_WARN_UNINITIALIZED_AUTOS = YES_AGGRESSIVE;
				GCC_WARN_UNUSED_FUNCTION = YES;
				GCC_WARN_UNUSED_VARIABLE = YES;
				IPHONEOS_DEPLOYMENT_TARGET = 14.2;
				MTL_ENABLE_DEBUG_INFO = INCLUDE_SOURCE;
				MTL_FAST_MATH = YES;
				ONLY_ACTIVE_ARCH = YES;
				SDKROOT = iphoneos;
				SWIFT_ACTIVE_COMPILATION_CONDITIONS = DEBUG;
				SWIFT_OPTIMIZATION_LEVEL = "-Onone";
			};
			name = Debug;
		};
		CEBABC3E275F9DB500DE0992 /* Release */ = {
			isa = XCBuildConfiguration;
			buildSettings = {
				ALWAYS_SEARCH_USER_PATHS = NO;
				CLANG_ANALYZER_NONNULL = YES;
				CLANG_ANALYZER_NUMBER_OBJECT_CONVERSION = YES_AGGRESSIVE;
				CLANG_CXX_LANGUAGE_STANDARD = "gnu++14";
				CLANG_CXX_LIBRARY = "libc++";
				CLANG_ENABLE_MODULES = YES;
				CLANG_ENABLE_OBJC_ARC = YES;
				CLANG_ENABLE_OBJC_WEAK = YES;
				CLANG_WARN_BLOCK_CAPTURE_AUTORELEASING = YES;
				CLANG_WARN_BOOL_CONVERSION = YES;
				CLANG_WARN_COMMA = YES;
				CLANG_WARN_CONSTANT_CONVERSION = YES;
				CLANG_WARN_DEPRECATED_OBJC_IMPLEMENTATIONS = YES;
				CLANG_WARN_DIRECT_OBJC_ISA_USAGE = YES_ERROR;
				CLANG_WARN_DOCUMENTATION_COMMENTS = YES;
				CLANG_WARN_EMPTY_BODY = YES;
				CLANG_WARN_ENUM_CONVERSION = YES;
				CLANG_WARN_INFINITE_RECURSION = YES;
				CLANG_WARN_INT_CONVERSION = YES;
				CLANG_WARN_NON_LITERAL_NULL_CONVERSION = YES;
				CLANG_WARN_OBJC_IMPLICIT_RETAIN_SELF = YES;
				CLANG_WARN_OBJC_LITERAL_CONVERSION = YES;
				CLANG_WARN_OBJC_ROOT_CLASS = YES_ERROR;
				CLANG_WARN_QUOTED_INCLUDE_IN_FRAMEWORK_HEADER = YES;
				CLANG_WARN_RANGE_LOOP_ANALYSIS = YES;
				CLANG_WARN_STRICT_PROTOTYPES = YES;
				CLANG_WARN_SUSPICIOUS_MOVE = YES;
				CLANG_WARN_UNGUARDED_AVAILABILITY = YES_AGGRESSIVE;
				CLANG_WARN_UNREACHABLE_CODE = YES;
				CLANG_WARN__DUPLICATE_METHOD_MATCH = YES;
				COPY_PHASE_STRIP = NO;
				DEBUG_INFORMATION_FORMAT = "dwarf-with-dsym";
				ENABLE_NS_ASSERTIONS = NO;
				ENABLE_STRICT_OBJC_MSGSEND = YES;
				GCC_C_LANGUAGE_STANDARD = gnu11;
				GCC_NO_COMMON_BLOCKS = YES;
				GCC_WARN_64_TO_32_BIT_CONVERSION = YES;
				GCC_WARN_ABOUT_RETURN_TYPE = YES_ERROR;
				GCC_WARN_UNDECLARED_SELECTOR = YES;
				GCC_WARN_UNINITIALIZED_AUTOS = YES_AGGRESSIVE;
				GCC_WARN_UNUSED_FUNCTION = YES;
				GCC_WARN_UNUSED_VARIABLE = YES;
				IPHONEOS_DEPLOYMENT_TARGET = 14.2;
				MTL_ENABLE_DEBUG_INFO = NO;
				MTL_FAST_MATH = YES;
				SDKROOT = iphoneos;
				SWIFT_COMPILATION_MODE = wholemodule;
				SWIFT_OPTIMIZATION_LEVEL = "-O";
				VALIDATE_PRODUCT = YES;
			};
			name = Release;
		};
		CEBABC40275F9DB500DE0992 /* Debug */ = {
			isa = XCBuildConfiguration;
			buildSettings = {
				ASSETCATALOG_COMPILER_APPICON_NAME = AppIcon;
				ASSETCATALOG_COMPILER_GLOBAL_ACCENT_COLOR_NAME = AccentColor;
				CODE_SIGN_STYLE = Automatic;
				INFOPLIST_FILE = CollectionView/Info.plist;
				LD_RUNPATH_SEARCH_PATHS = (
					"$(inherited)",
					"@executable_path/Frameworks",
				);
				PRODUCT_BUNDLE_IDENTIFIER = com.aman.CollectionView;
				PRODUCT_NAME = "$(TARGET_NAME)";
				SWIFT_VERSION = 5.0;
				TARGETED_DEVICE_FAMILY = "1,2";
			};
			name = Debug;
		};
		CEBABC41275F9DB500DE0992 /* Release */ = {
			isa = XCBuildConfiguration;
			buildSettings = {
				ASSETCATALOG_COMPILER_APPICON_NAME = AppIcon;
				ASSETCATALOG_COMPILER_GLOBAL_ACCENT_COLOR_NAME = AccentColor;
				CODE_SIGN_STYLE = Automatic;
				INFOPLIST_FILE = CollectionView/Info.plist;
				LD_RUNPATH_SEARCH_PATHS = (
					"$(inherited)",
					"@executable_path/Frameworks",
				);
				PRODUCT_BUNDLE_IDENTIFIER = com.aman.CollectionView;
				PRODUCT_NAME = "$(TARGET_NAME)";
				SWIFT_VERSION = 5.0;
				TARGETED_DEVICE_FAMILY = "1,2";
			};
			name = Release;
		};
/* End XCBuildConfiguration section */

/* Begin XCConfigurationList section */
		CEBABC26275F9DB400DE0992 /* Build configuration list for PBXProject "CollectionView" */ = {
			isa = XCConfigurationList;
			buildConfigurations = (
				CEBABC3D275F9DB500DE0992 /* Debug */,
				CEBABC3E275F9DB500DE0992 /* Release */,
			);
			defaultConfigurationIsVisible = 0;
			defaultConfigurationName = Release;
		};
		CEBABC3F275F9DB500DE0992 /* Build configuration list for PBXNativeTarget "CollectionView" */ = {
			isa = XCConfigurationList;
			buildConfigurations = (
				CEBABC40275F9DB500DE0992 /* Debug */,
				CEBABC41275F9DB500DE0992 /* Release */,
			);
			defaultConfigurationIsVisible = 0;
			defaultConfigurationName = Release;
		};
/* End XCConfigurationList section */
	};
	rootObject = CEBABC23275F9DB400DE0992 /* Project object */;
}
